
Microsoft Visual Studio Solution File, Format Version 12.00
# Visual Studio 15
VisualStudioVersion = 15.0.28307.421
MinimumVisualStudioVersion = 10.0.40219.1
Project("{FAE04EC0-301F-11D3-BF4B-00C04F79EFBC}") = "Console", "Console\Console.csproj", "{183613F7-61F0-4EBD-973C-414BC4D9BE05}"
EndProject
Project("{FAE04EC0-301F-11D3-BF4B-00C04F79EFBC}") = "Pizza", "PizzaBases\Pizza.csproj", "{7323FF30-B33C-4ED4-9819-FA181465155A}"
EndProject
Project("{FAE04EC0-301F-11D3-BF4B-00C04F79EFBC}") = "UI", "UI\UI.csproj", "{C475E820-3B93-41A8-8729-0E6F7A51906E}"
EndProject
Project("{FAE04EC0-301F-11D3-BF4B-00C04F79EFBC}") = "Serialization", "Serialization\Serialization.csproj", "{5BEE3FB3-2151-41FF-A46B-BD57659345A5}"
EndProject
Project("{FAE04EC0-301F-11D3-BF4B-00C04F79EFBC}") = "CustomSerializer", "CustomSerializer\CustomSerializer.csproj", "{12FBD934-BF06-47AF-80E8-1AD9D580D603}"
EndProject
Project("{FAE04EC0-301F-11D3-BF4B-00C04F79EFBC}") = "Plugin", "Plugin\Plugin.csproj", "{CE571E5B-05CE-4185-912C-E5F584288A43}"
EndProject
Project("{FAE04EC0-301F-11D3-BF4B-00C04F79EFBC}") = "Base64Plugin", "Base64Plugin\Base64Plugin.csproj", "{511485BD-F875-45A1-B620-148703D77E05}"
EndProject
Project("{FAE04EC0-301F-11D3-BF4B-00C04F79EFBC}") = "Base32Plugin", "Base32Plugin\Base32Plugin.csproj", "{2691A92D-883C-4B8C-9C33-61E43BA993C0}"
EndProject
Global
	GlobalSection(SolutionConfigurationPlatforms) = preSolution
		Debug|Any CPU = Debug|Any CPU
		Release|Any CPU = Release|Any CPU
	EndGlobalSection
	GlobalSection(ProjectConfigurationPlatforms) = postSolution
		{183613F7-61F0-4EBD-973C-414BC4D9BE05}.Debug|Any CPU.ActiveCfg = Debug|Any CPU
		{183613F7-61F0-4EBD-973C-414BC4D9BE05}.Debug|Any CPU.Build.0 = Debug|Any CPU
		{183613F7-61F0-4EBD-973C-414BC4D9BE05}.Release|Any CPU.ActiveCfg = Release|Any CPU
		{183613F7-61F0-4EBD-973C-414BC4D9BE05}.Release|Any CPU.Build.0 = Release|Any CPU
		{7323FF30-B33C-4ED4-9819-FA181465155A}.Debug|Any CPU.ActiveCfg = Debug|Any CPU
		{7323FF30-B33C-4ED4-9819-FA181465155A}.Debug|Any CPU.Build.0 = Debug|Any CPU
		{7323FF30-B33C-4ED4-9819-FA181465155A}.Release|Any CPU.ActiveCfg = Release|Any CPU
		{7323FF30-B33C-4ED4-9819-FA181465155A}.Release|Any CPU.Build.0 = Release|Any CPU
		{C475E820-3B93-41A8-8729-0E6F7A51906E}.Debug|Any CPU.ActiveCfg = Debug|Any CPU
		{C475E820-3B93-41A8-8729-0E6F7A51906E}.Debug|Any CPU.Build.0 = Debug|Any CPU
		{C475E820-3B93-41A8-8729-0E6F7A51906E}.Release|Any CPU.ActiveCfg = Release|Any CPU
		{C475E820-3B93-41A8-8729-0E6F7A51906E}.Release|Any CPU.Build.0 = Release|Any CPU
		{5BEE3FB3-2151-41FF-A46B-BD57659345A5}.Debug|Any CPU.ActiveCfg = Debug|Any CPU
		{5BEE3FB3-2151-41FF-A46B-BD57659345A5}.Debug|Any CPU.Build.0 = Debug|Any CPU
		{5BEE3FB3-2151-41FF-A46B-BD57659345A5}.Release|Any CPU.ActiveCfg = Release|Any CPU
		{5BEE3FB3-2151-41FF-A46B-BD57659345A5}.Release|Any CPU.Build.0 = Release|Any CPU
		{12FBD934-BF06-47AF-80E8-1AD9D580D603}.Debug|Any CPU.ActiveCfg = Debug|Any CPU
		{12FBD934-BF06-47AF-80E8-1AD9D580D603}.Debug|Any CPU.Build.0 = Debug|Any CPU
		{12FBD934-BF06-47AF-80E8-1AD9D580D603}.Release|Any CPU.ActiveCfg = Release|Any CPU
		{12FBD934-BF06-47AF-80E8-1AD9D580D603}.Release|Any CPU.Build.0 = Release|Any CPU
		{CE571E5B-05CE-4185-912C-E5F584288A43}.Debug|Any CPU.ActiveCfg = Debug|Any CPU
		{CE571E5B-05CE-4185-912C-E5F584288A43}.Debug|Any CPU.Build.0 = Debug|Any CPU
		{CE571E5B-05CE-4185-912C-E5F584288A43}.Release|Any CPU.ActiveCfg = Release|Any CPU
		{CE571E5B-05CE-4185-912C-E5F584288A43}.Release|Any CPU.Build.0 = Release|Any CPU
		{511485BD-F875-45A1-B620-148703D77E05}.Debug|Any CPU.ActiveCfg = Debug|Any CPU
		{511485BD-F875-45A1-B620-148703D77E05}.Debug|Any CPU.Build.0 = Debug|Any CPU
		{511485BD-F875-45A1-B620-148703D77E05}.Release|Any CPU.ActiveCfg = Release|Any CPU
		{511485BD-F875-45A1-B620-148703D77E05}.Release|Any CPU.Build.0 = Release|Any CPU
		{2691A92D-883C-4B8C-9C33-61E43BA993C0}.Debug|Any CPU.ActiveCfg = Debug|Any CPU
		{2691A92D-883C-4B8C-9C33-61E43BA993C0}.Debug|Any CPU.Build.0 = Debug|Any CPU
		{2691A92D-883C-4B8C-9C33-61E43BA993C0}.Release|Any CPU.ActiveCfg = Release|Any CPU
		{2691A92D-883C-4B8C-9C33-61E43BA993C0}.Release|Any CPU.Build.0 = Release|Any CPU
	EndGlobalSection
	GlobalSection(SolutionProperties) = preSolution
		HideSolutionNode = FALSE
	EndGlobalSection
	GlobalSection(ExtensibilityGlobals) = postSolution
		SolutionGuid = {1B1F5552-B86E-41FC-9006-8F3D29518992}
	EndGlobalSection
EndGlobal
